
Microsoft Visual Studio Solution File, Format Version 12.00
# Visual Studio Version 17
VisualStudioVersion = 17.0.31903.59
MinimumVisualStudioVersion = 10.0.40219.1
Project("{2150E333-8FDC-42A3-9474-1A3956D46DE8}") = "src", "src", "{64B2EFBE-C501-4272-AF84-2E4A16DFE0D2}"
EndProject
Project("{FAE04EC0-301F-11D3-BF4B-00C04F79EFBC}") = "HSGalaxy.App", "src\HSGalaxy.App\HSGalaxy.App.csproj", "{939296C0-2424-496A-908C-C148F8FBB843}"
EndProject
Project("{FAE04EC0-301F-11D3-BF4B-00C04F79EFBC}") = "HSGalaxy.Core", "src\HSGalaxy.Core\HSGalaxy.Core.csproj", "{E84C8E14-21A4-4163-A6C9-EBDC25097E6E}"
EndProject
Project("{FAE04EC0-301F-11D3-BF4B-00C04F79EFBC}") = "HSGalaxy.OCR.Azure", "src\HSGalaxy.OCR.Azure\HSGalaxy.OCR.Azure.csproj", "{5C94F1DD-205F-443A-9C00-E32DCBB506C5}"
EndProject
Project("{FAE04EC0-301F-11D3-BF4B-00C04F79EFBC}") = "HSGalaxy.OCR.Local", "src\HSGalaxy.OCR.Local\HSGalaxy.OCR.Local.csproj", "{5C7CCAD4-D102-4D80-BC3A-FA845093EAAB}"
EndProject
Project("{FAE04EC0-301F-11D3-BF4B-00C04F79EFBC}") = "HSGalaxy.UI", "src\HSGalaxy.UI\HSGalaxy.UI.csproj", "{521948CD-A0AE-4EE2-9455-B779D16E0761}"
EndProject
Project("{FAE04EC0-301F-11D3-BF4B-00C04F79EFBC}") = "HSGalaxy.Diagnostics", "src\HSGalaxy.Diagnostics\HSGalaxy.Diagnostics.csproj", "{3AB0A1C4-F2AA-4254-A92F-1FEF910FFA6A}"
EndProject
Project("{FAE04EC0-301F-11D3-BF4B-00C04F79EFBC}") = "HSGalaxy.CLI", "src\HSGalaxy.CLI\HSGalaxy.CLI.csproj", "{F310B752-0A0D-4ECE-BFEE-76E7C482D696}"
EndProject
Project("{2150E333-8FDC-42A3-9474-1A3956D46DE8}") = "tests", "tests", "{7D4AF365-9BED-44E1-BB4E-22854CB2ABF1}"
EndProject
Project("{FAE04EC0-301F-11D3-BF4B-00C04F79EFBC}") = "HSGalaxy.Core.Tests", "tests\HSGalaxy.Core.Tests\HSGalaxy.Core.Tests.csproj", "{EA5EBE69-BA5E-4B29-BAE0-E2D977611DD4}"
EndProject
Project("{FAE04EC0-301F-11D3-BF4B-00C04F79EFBC}") = "HSGalaxy.OCR.Tests", "tests\HSGalaxy.OCR.Tests\HSGalaxy.OCR.Tests.csproj", "{725FE298-3161-4817-91E5-D9BD9E9BDBFC}"
EndProject
Global
	GlobalSection(SolutionConfigurationPlatforms) = preSolution
		Debug|Any CPU = Debug|Any CPU
		Release|Any CPU = Release|Any CPU
	EndGlobalSection
	GlobalSection(SolutionProperties) = preSolution
		HideSolutionNode = FALSE
	EndGlobalSection
	GlobalSection(ProjectConfigurationPlatforms) = postSolution
		{939296C0-2424-496A-908C-C148F8FBB843}.Debug|Any CPU.ActiveCfg = Debug|Any CPU
		{939296C0-2424-496A-908C-C148F8FBB843}.Debug|Any CPU.Build.0 = Debug|Any CPU
		{939296C0-2424-496A-908C-C148F8FBB843}.Release|Any CPU.ActiveCfg = Release|Any CPU
		{939296C0-2424-496A-908C-C148F8FBB843}.Release|Any CPU.Build.0 = Release|Any CPU
		{E84C8E14-21A4-4163-A6C9-EBDC25097E6E}.Debug|Any CPU.ActiveCfg = Debug|Any CPU
		{E84C8E14-21A4-4163-A6C9-EBDC25097E6E}.Debug|Any CPU.Build.0 = Debug|Any CPU
		{E84C8E14-21A4-4163-A6C9-EBDC25097E6E}.Release|Any CPU.ActiveCfg = Release|Any CPU
		{E84C8E14-21A4-4163-A6C9-EBDC25097E6E}.Release|Any CPU.Build.0 = Release|Any CPU
		{5C94F1DD-205F-443A-9C00-E32DCBB506C5}.Debug|Any CPU.ActiveCfg = Debug|Any CPU
		{5C94F1DD-205F-443A-9C00-E32DCBB506C5}.Debug|Any CPU.Build.0 = Debug|Any CPU
		{5C94F1DD-205F-443A-9C00-E32DCBB506C5}.Release|Any CPU.ActiveCfg = Release|Any CPU
		{5C94F1DD-205F-443A-9C00-E32DCBB506C5}.Release|Any CPU.Build.0 = Release|Any CPU
		{5C7CCAD4-D102-4D80-BC3A-FA845093EAAB}.Debug|Any CPU.ActiveCfg = Debug|Any CPU
		{5C7CCAD4-D102-4D80-BC3A-FA845093EAAB}.Debug|Any CPU.Build.0 = Debug|Any CPU
		{5C7CCAD4-D102-4D80-BC3A-FA845093EAAB}.Release|Any CPU.ActiveCfg = Release|Any CPU
		{5C7CCAD4-D102-4D80-BC3A-FA845093EAAB}.Release|Any CPU.Build.0 = Release|Any CPU
		{521948CD-A0AE-4EE2-9455-B779D16E0761}.Debug|Any CPU.ActiveCfg = Debug|Any CPU
		{521948CD-A0AE-4EE2-9455-B779D16E0761}.Debug|Any CPU.Build.0 = Debug|Any CPU
		{521948CD-A0AE-4EE2-9455-B779D16E0761}.Release|Any CPU.ActiveCfg = Release|Any CPU
		{521948CD-A0AE-4EE2-9455-B779D16E0761}.Release|Any CPU.Build.0 = Release|Any CPU
		{3AB0A1C4-F2AA-4254-A92F-1FEF910FFA6A}.Debug|Any CPU.ActiveCfg = Debug|Any CPU
		{3AB0A1C4-F2AA-4254-A92F-1FEF910FFA6A}.Debug|Any CPU.Build.0 = Debug|Any CPU
		{3AB0A1C4-F2AA-4254-A92F-1FEF910FFA6A}.Release|Any CPU.ActiveCfg = Release|Any CPU
		{3AB0A1C4-F2AA-4254-A92F-1FEF910FFA6A}.Release|Any CPU.Build.0 = Release|Any CPU
		{F310B752-0A0D-4ECE-BFEE-76E7C482D696}.Debug|Any CPU.ActiveCfg = Debug|Any CPU
		{F310B752-0A0D-4ECE-BFEE-76E7C482D696}.Debug|Any CPU.Build.0 = Debug|Any CPU
		{F310B752-0A0D-4ECE-BFEE-76E7C482D696}.Release|Any CPU.ActiveCfg = Release|Any CPU
		{F310B752-0A0D-4ECE-BFEE-76E7C482D696}.Release|Any CPU.Build.0 = Release|Any CPU
		{EA5EBE69-BA5E-4B29-BAE0-E2D977611DD4}.Debug|Any CPU.ActiveCfg = Debug|Any CPU
		{EA5EBE69-BA5E-4B29-BAE0-E2D977611DD4}.Debug|Any CPU.Build.0 = Debug|Any CPU
		{EA5EBE69-BA5E-4B29-BAE0-E2D977611DD4}.Release|Any CPU.ActiveCfg = Release|Any CPU
		{EA5EBE69-BA5E-4B29-BAE0-E2D977611DD4}.Release|Any CPU.Build.0 = Release|Any CPU
		{725FE298-3161-4817-91E5-D9BD9E9BDBFC}.Debug|Any CPU.ActiveCfg = Debug|Any CPU
		{725FE298-3161-4817-91E5-D9BD9E9BDBFC}.Debug|Any CPU.Build.0 = Debug|Any CPU
		{725FE298-3161-4817-91E5-D9BD9E9BDBFC}.Release|Any CPU.ActiveCfg = Release|Any CPU
		{725FE298-3161-4817-91E5-D9BD9E9BDBFC}.Release|Any CPU.Build.0 = Release|Any CPU
	EndGlobalSection
	GlobalSection(NestedProjects) = preSolution
		{939296C0-2424-496A-908C-C148F8FBB843} = {64B2EFBE-C501-4272-AF84-2E4A16DFE0D2}
		{E84C8E14-21A4-4163-A6C9-EBDC25097E6E} = {64B2EFBE-C501-4272-AF84-2E4A16DFE0D2}
		{5C94F1DD-205F-443A-9C00-E32DCBB506C5} = {64B2EFBE-C501-4272-AF84-2E4A16DFE0D2}
		{5C7CCAD4-D102-4D80-BC3A-FA845093EAAB} = {64B2EFBE-C501-4272-AF84-2E4A16DFE0D2}
		{521948CD-A0AE-4EE2-9455-B779D16E0761} = {64B2EFBE-C501-4272-AF84-2E4A16DFE0D2}
		{3AB0A1C4-F2AA-4254-A92F-1FEF910FFA6A} = {64B2EFBE-C501-4272-AF84-2E4A16DFE0D2}
		{F310B752-0A0D-4ECE-BFEE-76E7C482D696} = {64B2EFBE-C501-4272-AF84-2E4A16DFE0D2}
		{EA5EBE69-BA5E-4B29-BAE0-E2D977611DD4} = {7D4AF365-9BED-44E1-BB4E-22854CB2ABF1}
		{725FE298-3161-4817-91E5-D9BD9E9BDBFC} = {7D4AF365-9BED-44E1-BB4E-22854CB2ABF1}
	EndGlobalSection
EndGlobal
